Microsoft Visual Studio Solution File, Format Version 12.00
# Visual Studio Version 17
VisualStudioVersion = 17.2.32616.157
MinimumVisualStudioVersion = 10.0.40219.1
Project("{9A19103F-16F7-4668-BE54-9A1E7A4F7556}") = "IKVM.Reflection", "reflect\IKVM.Reflection.csproj", "{0C47E92B-CC94-43DF-B5AB-EC13D05642B3}"
EndProject
Project("{9A19103F-16F7-4668-BE54-9A1E7A4F7556}") = "ikvmc", "ikvmc.csproj", "{6600C38D-E8E1-417A-8659-4F227F7FD870}"
EndProject
Project("{FAE04EC0-301F-11D3-BF4B-00C04F79EFBC}") = "ikvmstub", "ikvmstub\ikvmstub.csproj", "{262C6969-9218-4462-9EB5-A11836F5E172}"
EndProject
Global
	GlobalSection(SolutionConfigurationPlatforms) = preSolution
		Debug|Any CPU = Debug|Any CPU
		Debug|Mixed Platforms = Debug|Mixed Platforms
		Debug|Win32 = Debug|Win32
		Release|Any CPU = Release|Any CPU
		Release|Mixed Platforms = Release|Mixed Platforms
		Release|Win32 = Release|Win32
	EndGlobalSection
	GlobalSection(ProjectConfigurationPlatforms) = postSolution
		{0C47E92B-CC94-43DF-B5AB-EC13D05642B3}.Debug|Any CPU.ActiveCfg = Debug|Any CPU
		{0C47E92B-CC94-43DF-B5AB-EC13D05642B3}.Debug|Any CPU.Build.0 = Debug|Any CPU
		{0C47E92B-CC94-43DF-B5AB-EC13D05642B3}.Debug|Mixed Platforms.ActiveCfg = Debug|Any CPU
		{0C47E92B-CC94-43DF-B5AB-EC13D05642B3}.Debug|Mixed Platforms.Build.0 = Debug|Any CPU
		{0C47E92B-CC94-43DF-B5AB-EC13D05642B3}.Debug|Win32.ActiveCfg = Debug|Any CPU
		{0C47E92B-CC94-43DF-B5AB-EC13D05642B3}.Debug|Win32.Build.0 = Debug|Any CPU
		{0C47E92B-CC94-43DF-B5AB-EC13D05642B3}.Release|Any CPU.ActiveCfg = Release|Any CPU
		{0C47E92B-CC94-43DF-B5AB-EC13D05642B3}.Release|Any CPU.Build.0 = Release|Any CPU
		{0C47E92B-CC94-43DF-B5AB-EC13D05642B3}.Release|Mixed Platforms.ActiveCfg = Release|Any CPU
		{0C47E92B-CC94-43DF-B5AB-EC13D05642B3}.Release|Mixed Platforms.Build.0 = Release|Any CPU
		{0C47E92B-CC94-43DF-B5AB-EC13D05642B3}.Release|Win32.ActiveCfg = Release|Any CPU
		{0C47E92B-CC94-43DF-B5AB-EC13D05642B3}.Release|Win32.Build.0 = Release|Any CPU
		{6600C38D-E8E1-417A-8659-4F227F7FD870}.Debug|Any CPU.ActiveCfg = Debug|Any CPU
		{6600C38D-E8E1-417A-8659-4F227F7FD870}.Debug|Any CPU.Build.0 = Debug|Any CPU
		{6600C38D-E8E1-417A-8659-4F227F7FD870}.Debug|Mixed Platforms.ActiveCfg = Debug|Any CPU
		{6600C38D-E8E1-417A-8659-4F227F7FD870}.Debug|Mixed Platforms.Build.0 = Debug|Any CPU
		{6600C38D-E8E1-417A-8659-4F227F7FD870}.Debug|Win32.ActiveCfg = Debug|Any CPU
		{6600C38D-E8E1-417A-8659-4F227F7FD870}.Debug|Win32.Build.0 = Debug|Any CPU
		{6600C38D-E8E1-417A-8659-4F227F7FD870}.Release|Any CPU.ActiveCfg = Release|Any CPU
		{6600C38D-E8E1-417A-8659-4F227F7FD870}.Release|Any CPU.Build.0 = Release|Any CPU
		{6600C38D-E8E1-417A-8659-4F227F7FD870}.Release|Mixed Platforms.ActiveCfg = Release|Any CPU
		{6600C38D-E8E1-417A-8659-4F227F7FD870}.Release|Mixed Platforms.Build.0 = Release|Any CPU
		{6600C38D-E8E1-417A-8659-4F227F7FD870}.Release|Win32.ActiveCfg = Release|Any CPU
		{6600C38D-E8E1-417A-8659-4F227F7FD870}.Release|Win32.Build.0 = Release|Any CPU
		{262C6969-9218-4462-9EB5-A11836F5E172}.Debug|Any CPU.ActiveCfg = Debug|Any CPU
		{262C6969-9218-4462-9EB5-A11836F5E172}.Debug|Any CPU.Build.0 = Debug|Any CPU
		{262C6969-9218-4462-9EB5-A11836F5E172}.Debug|Mixed Platforms.ActiveCfg = Debug|Any CPU
		{262C6969-9218-4462-9EB5-A11836F5E172}.Debug|Mixed Platforms.Build.0 = Debug|Any CPU
		{262C6969-9218-4462-9EB5-A11836F5E172}.Debug|Win32.ActiveCfg = Debug|Any CPU
		{262C6969-9218-4462-9EB5-A11836F5E172}.Debug|Win32.Build.0 = Debug|Any CPU
		{262C6969-9218-4462-9EB5-A11836F5E172}.Release|Any CPU.ActiveCfg = Release|Any CPU
		{262C6969-9218-4462-9EB5-A11836F5E172}.Release|Any CPU.Build.0 = Release|Any CPU
		{262C6969-9218-4462-9EB5-A11836F5E172}.Release|Mixed Platforms.ActiveCfg = Release|Any CPU
		{262C6969-9218-4462-9EB5-A11836F5E172}.Release|Mixed Platforms.Build.0 = Release|Any CPU
		{262C6969-9218-4462-9EB5-A11836F5E172}.Release|Win32.ActiveCfg = Release|Any CPU
		{262C6969-9218-4462-9EB5-A11836F5E172}.Release|Win32.Build.0 = Release|Any CPU
	EndGlobalSection
	GlobalSection(SolutionProperties) = preSolution
		HideSolutionNode = FALSE
	EndGlobalSection
	GlobalSection(ExtensibilityGlobals) = postSolution
		SolutionGuid = {B5D226EB-0AE2-4882-BEE2-EC142AE09A40}
	EndGlobalSection
EndGlobal
